
Microsoft Visual Studio Solution File, Format Version 12.00
# Visual Studio 15
VisualStudioVersion = 15.0.28307.1062
MinimumVisualStudioVersion = 10.0.40219.1
Project("{8BC9CEB8-8B4A-11D0-8D11-00A0C91BC942}") = "linerList", "linerList\linerList.vcxproj", "{2F75D22F-8D6F-498D-AABA-E0FA7529B076}"
EndProject
Global
	GlobalSection(SolutionConfigurationPlatforms) = preSolution
		Debug|x64 = Debug|x64
		Debug|x86 = Debug|x86
		Release|x64 = Release|x64
		Release|x86 = Release|x86
	EndGlobalSection
	GlobalSection(ProjectConfigurationPlatforms) = postSolution
		{2F75D22F-8D6F-498D-AABA-E0FA7529B076}.Debug|x64.ActiveCfg = Debug|x64
		{2F75D22F-8D6F-498D-AABA-E0FA7529B076}.Debug|x64.Build.0 = Debug|x64
		{2F75D22F-8D6F-498D-AABA-E0FA7529B076}.Debug|x86.ActiveCfg = Debug|Win32
		{2F75D22F-8D6F-498D-AABA-E0FA7529B076}.Debug|x86.Build.0 = Debug|Win32
		{2F75D22F-8D6F-498D-AABA-E0FA7529B076}.Release|x64.ActiveCfg = Release|x64
		{2F75D22F-8D6F-498D-AABA-E0FA7529B076}.Release|x64.Build.0 = Release|x64
		{2F75D22F-8D6F-498D-AABA-E0FA7529B076}.Release|x86.ActiveCfg = Release|Win32
		{2F75D22F-8D6F-498D-AABA-E0FA7529B076}.Release|x86.Build.0 = Release|Win32
	EndGlobalSection
	GlobalSection(SolutionProperties) = preSolution
		HideSolutionNode = FALSE
	EndGlobalSection
	GlobalSection(ExtensibilityGlobals) = postSolution
		SolutionGuid = {E244D3AA-F240-4CE9-A446-7CD29934A1B2}
	EndGlobalSection
EndGlobal
